// !$*UTF8*$!
{
	archiveVersion = 1;
	classes = {
	};
	objectVersion = 46;
	objects = {

/* Begin PBXBuildFile section */
		373EE8DB1CBB64A200EF2FA8 /* AppDelegate.swift in Sources */ = {isa = PBXBuildFile; fileRef = 373EE8DA1CBB64A200EF2FA8 /* AppDelegate.swift */; };
		373EE8DD1CBB64A200EF2FA8 /* ViewController.swift in Sources */ = {isa = PBXBuildFile; fileRef = 373EE8DC1CBB64A200EF2FA8 /* ViewController.swift */; };
		373EE8E01CBB64A200EF2FA8 /* Main.storyboard in Resources */ = {isa = PBXBuildFile; fileRef = 373EE8DE1CBB64A200EF2FA8 /* Main.storyboard */; };
		373EE8E31CBB64A200EF2FA8 /* _016_CoreDataStack.xcdatamodeld in Sources */ = {isa = PBXBuildFile; fileRef = 373EE8E11CBB64A200EF2FA8 /* _016_CoreDataStack.xcdatamodeld */; };
		373EE8E51CBB64A200EF2FA8 /* Assets.xcassets in Resources */ = {isa = PBXBuildFile; fileRef = 373EE8E41CBB64A200EF2FA8 /* Assets.xcassets */; };
		373EE8E81CBB64A200EF2FA8 /* LaunchScreen.storyboard in Resources */ = {isa = PBXBuildFile; fileRef = 373EE8E61CBB64A200EF2FA8 /* LaunchScreen.storyboard */; };
		373EE8F11CBB7B5B00EF2FA8 /* User+CoreDataProperties.swift in Sources */ = {isa = PBXBuildFile; fileRef = 373EE8EF1CBB7B5B00EF2FA8 /* User+CoreDataProperties.swift */; };
		373EE8F21CBB7B5B00EF2FA8 /* User.swift in Sources */ = {isa = PBXBuildFile; fileRef = 373EE8F01CBB7B5B00EF2FA8 /* User.swift */; };
		373EE8F51CBB83CA00EF2FA8 /* Session+CoreDataProperties.swift in Sources */ = {isa = PBXBuildFile; fileRef = 373EE8F31CBB83CA00EF2FA8 /* Session+CoreDataProperties.swift */; };
		373EE8F61CBB83CA00EF2FA8 /* Session.swift in Sources */ = {isa = PBXBuildFile; fileRef = 373EE8F41CBB83CA00EF2FA8 /* Session.swift */; };
		373EE8F81CBBEB3B00EF2FA8 /* TableViewController.swift in Sources */ = {isa = PBXBuildFile; fileRef = 373EE8F71CBBEB3B00EF2FA8 /* TableViewController.swift */; };
		373EE8FA1CBBF2CA00EF2FA8 /* SearchTableViewController.swift in Sources */ = {isa = PBXBuildFile; fileRef = 373EE8F91CBBF2CA00EF2FA8 /* SearchTableViewController.swift */; };
/* End PBXBuildFile section */

/* Begin PBXFileReference section */
		373EE8D71CBB64A200EF2FA8 /* 2016-CoreDataStack.app */ = {isa = PBXFileReference; explicitFileType = wrapper.application; includeInIndex = 0; path = "2016-CoreDataStack.app"; sourceTree = BUILT_PRODUCTS_DIR; };
		373EE8DA1CBB64A200EF2FA8 /* AppDelegate.swift */ = {isa = PBXFileReference; lastKnownFileType = sourcecode.swift; path = AppDelegate.swift; sourceTree = "<group>"; };
		373EE8DC1CBB64A200EF2FA8 /* ViewController.swift */ = {isa = PBXFileReference; lastKnownFileType = sourcecode.swift; path = ViewController.swift; sourceTree = "<group>"; };
		373EE8DF1CBB64A200EF2FA8 /* Base */ = {isa = PBXFileReference; lastKnownFileType = file.storyboard; name = Base; path = Base.lproj/Main.storyboard; sourceTree = "<group>"; };
		373EE8E21CBB64A200EF2FA8 /* _016_CoreDataStack.xcdatamodel */ = {isa = PBXFileReference; lastKnownFileType = wrapper.xcdatamodel; path = _016_CoreDataStack.xcdatamodel; sourceTree = "<group>"; };
		373EE8E41CBB64A200EF2FA8 /* Assets.xcassets */ = {isa = PBXFileReference; lastKnownFileType = folder.assetcatalog; path = Assets.xcassets; sourceTree = "<group>"; };
		373EE8E71CBB64A200EF2FA8 /* Base */ = {isa = PBXFileReference; lastKnownFileType = file.storyboard; name = Base; path = Base.lproj/LaunchScreen.storyboard; sourceTree = "<group>"; };
		373EE8E91CBB64A200EF2FA8 /* Info.plist */ = {isa = PBXFileReference; lastKnownFileType = text.plist.xml; path = Info.plist; sourceTree = "<group>"; };
		373EE8EF1CBB7B5B00EF2FA8 /* User+CoreDataProperties.swift */ = {isa = PBXFileReference; fileEncoding = 4; lastKnownFileType = sourcecode.swift; path = "User+CoreDataProperties.swift"; sourceTree = "<group>"; };
		373EE8F01CBB7B5B00EF2FA8 /* User.swift */ = {isa = PBXFileReference; fileEncoding = 4; lastKnownFileType = sourcecode.swift; path = User.swift; sourceTree = "<group>"; };
		373EE8F31CBB83CA00EF2FA8 /* Session+CoreDataProperties.swift */ = {isa = PBXFileReference; fileEncoding = 4; lastKnownFileType = sourcecode.swift; path = "Session+CoreDataProperties.swift"; sourceTree = "<group>"; };
		373EE8F41CBB83CA00EF2FA8 /* Session.swift */ = {isa = PBXFileReference; fileEncoding = 4; lastKnownFileType = sourcecode.swift; path = Session.swift; sourceTree = "<group>"; };
		373EE8F71CBBEB3B00EF2FA8 /* TableViewController.swift */ = {isa = PBXFileReference; fileEncoding = 4; lastKnownFileType = sourcecode.swift; path = TableViewController.swift; sourceTree = "<group>"; };
		373EE8F91CBBF2CA00EF2FA8 /* SearchTableViewController.swift */ = {isa = PBXFileReference; fileEncoding = 4; lastKnownFileType = sourcecode.swift; path = SearchTableViewController.swift; sourceTree = "<group>"; };
/* End PBXFileReference section */

/* Begin PBXFrameworksBuildPhase section */
		373EE8D41CBB64A200EF2FA8 /* Frameworks */ = {
			isa = PBXFrameworksBuildPhase;
			buildActionMask = 2147483647;
			files = (
			);
			runOnlyForDeploymentPostprocessing = 0;
		};
/* End PBXFrameworksBuildPhase section */

/* Begin PBXGroup section */
		373EE8CE1CBB64A200EF2FA8 = {
			isa = PBXGroup;
			children = (
				373EE8F31CBB83CA00EF2FA8 /* Session+CoreDataProperties.swift */,
				373EE8F41CBB83CA00EF2FA8 /* Session.swift */,
				373EE8EF1CBB7B5B00EF2FA8 /* User+CoreDataProperties.swift */,
				373EE8F01CBB7B5B00EF2FA8 /* User.swift */,
				373EE8D91CBB64A200EF2FA8 /* 2016-CoreDataStack */,
				373EE8D81CBB64A200EF2FA8 /* Products */,
			);
			sourceTree = "<group>";
		};
		373EE8D81CBB64A200EF2FA8 /* Products */ = {
			isa = PBXGroup;
			children = (
				373EE8D71CBB64A200EF2FA8 /* 2016-CoreDataStack.app */,
			);
			name = Products;
			sourceTree = "<group>";
		};
		373EE8D91CBB64A200EF2FA8 /* 2016-CoreDataStack */ = {
			isa = PBXGroup;
			children = (
				373EE8DA1CBB64A200EF2FA8 /* AppDelegate.swift */,
				373EE8DC1CBB64A200EF2FA8 /* ViewController.swift */,
				373EE8DE1CBB64A200EF2FA8 /* Main.storyboard */,
				373EE8F71CBBEB3B00EF2FA8 /* TableViewController.swift */,
				373EE8F91CBBF2CA00EF2FA8 /* SearchTableViewController.swift */,
				373EE8E41CBB64A200EF2FA8 /* Assets.xcassets */,
				373EE8E61CBB64A200EF2FA8 /* LaunchScreen.storyboard */,
				373EE8E91CBB64A200EF2FA8 /* Info.plist */,
				373EE8E11CBB64A200EF2FA8 /* _016_CoreDataStack.xcdatamodeld */,
			);
			path = "2016-CoreDataStack";
			sourceTree = "<group>";
		};
/* End PBXGroup section */

/* Begin PBXNativeTarget section */
		373EE8D61CBB64A200EF2FA8 /* 2016-CoreDataStack */ = {
			isa = PBXNativeTarget;
			buildConfigurationList = 373EE8EC1CBB64A200EF2FA8 /* Build configuration list for PBXNativeTarget "2016-CoreDataStack" */;
			buildPhases = (
				373EE8D31CBB64A200EF2FA8 /* Sources */,
				373EE8D41CBB64A200EF2FA8 /* Frameworks */,
				373EE8D51CBB64A200EF2FA8 /* Resources */,
			);
			buildRules = (
			);
			dependencies = (
			);
			name = "2016-CoreDataStack";
			productName = "2016-CoreDataStack";
			productReference = 373EE8D71CBB64A200EF2FA8 /* 2016-CoreDataStack.app */;
			productType = "com.apple.product-type.application";
		};
/* End PBXNativeTarget section */

/* Begin PBXProject section */
		373EE8CF1CBB64A200EF2FA8 /* Project object */ = {
			isa = PBXProject;
			attributes = {
				LastSwiftUpdateCheck = 0730;
				LastUpgradeCheck = 0730;
				ORGANIZATIONNAME = "The University of Chicago, Department of Computer Science";
				TargetAttributes = {
					373EE8D61CBB64A200EF2FA8 = {
						CreatedOnToolsVersion = 7.3;
					};
				};
			};
			buildConfigurationList = 373EE8D21CBB64A200EF2FA8 /* Build configuration list for PBXProject "2016-CoreDataStack" */;
			compatibilityVersion = "Xcode 3.2";
			developmentRegion = English;
			hasScannedForEncodings = 0;
			knownRegions = (
				en,
				Base,
			);
			mainGroup = 373EE8CE1CBB64A200EF2FA8;
			productRefGroup = 373EE8D81CBB64A200EF2FA8 /* Products */;
			projectDirPath = "";
			projectRoot = "";
			targets = (
				373EE8D61CBB64A200EF2FA8 /* 2016-CoreDataStack */,
			);
		};
/* End PBXProject section */

/* Begin PBXResourcesBuildPhase section */
		373EE8D51CBB64A200EF2FA8 /* Resources */ = {
			isa = PBXResourcesBuildPhase;
			buildActionMask = 2147483647;
			files = (
				373EE8E81CBB64A200EF2FA8 /* LaunchScreen.storyboard in Resources */,
				373EE8E51CBB64A200EF2FA8 /* Assets.xcassets in Resources */,
				373EE8E01CBB64A200EF2FA8 /* Main.storyboard in Resources */,
			);
			runOnlyForDeploymentPostprocessing = 0;
		};
/* End PBXResourcesBuildPhase section */

/* Begin PBXSourcesBuildPhase section */
		373EE8D31CBB64A200EF2FA8 /* Sources */ = {
			isa = PBXSourcesBuildPhase;
			buildActionMask = 2147483647;
			files = (
				373EE8F61CBB83CA00EF2FA8 /* Session.swift in Sources */,
				373EE8FA1CBBF2CA00EF2FA8 /* SearchTableViewController.swift in Sources */,
				373EE8F51CBB83CA00EF2FA8 /* Session+CoreDataProperties.swift in Sources */,
				373EE8DD1CBB64A200EF2FA8 /* ViewController.swift in Sources */,
				373EE8F81CBBEB3B00EF2FA8 /* TableViewController.swift in Sources */,
				373EE8E31CBB64A200EF2FA8 /* _016_CoreDataStack.xcdatamodeld in Sources */,
				373EE8F11CBB7B5B00EF2FA8 /* User+CoreDataProperties.swift in Sources */,
				373EE8F21CBB7B5B00EF2FA8 /* User.swift in Sources */,
				373EE8DB1CBB64A200EF2FA8 /* AppDelegate.swift in Sources */,
			);
			runOnlyForDeploymentPostprocessing = 0;
		};
/* End PBXSourcesBuildPhase section */

/* Begin PBXVariantGroup section */
		373EE8DE1CBB64A200EF2FA8 /* Main.storyboard */ = {
			isa = PBXVariantGroup;
			children = (
				373EE8DF1CBB64A200EF2FA8 /* Base */,
			);
			name = Main.storyboard;
			sourceTree = "<group>";
		};
		373EE8E61CBB64A200EF2FA8 /* LaunchScreen.storyboard */ = {
			isa = PBXVariantGroup;
			children = (
				373EE8E71CBB64A200EF2FA8 /* Base */,
			);
			name = LaunchScreen.storyboard;
			sourceTree = "<group>";
		};
/* End PBXVariantGroup section */

/* Begin XCBuildConfiguration section */
		373EE8EA1CBB64A200EF2FA8 /* Debug */ = {
			isa = XCBuildConfiguration;
			buildSettings = {
				ALWAYS_SEARCH_USER_PATHS = NO;
				CLANG_ANALYZER_NONNULL = YES;
				CLANG_CXX_LANGUAGE_STANDARD = "gnu++0x";
				CLANG_CXX_LIBRARY = "libc++";
				CLANG_ENABLE_MODULES = YES;
				CLANG_ENABLE_OBJC_ARC = YES;
				CLANG_WARN_BOOL_CONVERSION = YES;
				CLANG_WARN_CONSTANT_CONVERSION = YES;
				CLANG_WARN_DIRECT_OBJC_ISA_USAGE = YES_ERROR;
				CLANG_WARN_EMPTY_BODY = YES;
				CLANG_WARN_ENUM_CONVERSION = YES;
				CLANG_WARN_INT_CONVERSION = YES;
				CLANG_WARN_OBJC_ROOT_CLASS = YES_ERROR;
				CLANG_WARN_UNREACHABLE_CODE = YES;
				CLANG_WARN__DUPLICATE_METHOD_MATCH = YES;
				"CODE_SIGN_IDENTITY[sdk=iphoneos*]" = "iPhone Developer";
				COPY_PHASE_STRIP = NO;
				DEBUG_INFORMATION_FORMAT = dwarf;
				ENABLE_STRICT_OBJC_MSGSEND = YES;
				ENABLE_TESTABILITY = YES;
				GCC_C_LANGUAGE_STANDARD = gnu99;
				GCC_DYNAMIC_NO_PIC = NO;
				GCC_NO_COMMON_BLOCKS = YES;
				GCC_OPTIMIZATION_LEVEL = 0;
				GCC_PREPROCESSOR_DEFINITIONS = (
					"DEBUG=1",
					"$(inherited)",
				);
				GCC_WARN_64_TO_32_BIT_CONVERSION = YES;
				GCC_WARN_ABOUT_RETURN_TYPE = YES_ERROR;
				GCC_WARN_UNDECLARED_SELECTOR = YES;
				GCC_WARN_UNINITIALIZED_AUTOS = YES_AGGRESSIVE;
				GCC_WARN_UNUSED_FUNCTION = YES;
				GCC_WARN_UNUSED_VARIABLE = YES;
				IPHONEOS_DEPLOYMENT_TARGET = 9.3;
				MTL_ENABLE_DEBUG_INFO = YES;
				ONLY_ACTIVE_ARCH = YES;
				SDKROOT = iphoneos;
				SWIFT_OPTIMIZATION_LEVEL = "-Onone";
				TARGETED_DEVICE_FAMILY = "1,2";
			};
			name = Debug;
		};
		373EE8EB1CBB64A200EF2FA8 /* Release */ = {
			isa = XCBuildConfiguration;
			buildSettings = {
				ALWAYS_SEARCH_USER_PATHS = NO;
				CLANG_ANALYZER_NONNULL = YES;
				CLANG_CXX_LANGUAGE_STANDARD = "gnu++0x";
				CLANG_CXX_LIBRARY = "libc++";
				CLANG_ENABLE_MODULES = YES;
				CLANG_ENABLE_OBJC_ARC = YES;
				CLANG_WARN_BOOL_CONVERSION = YES;
				CLANG_WARN_CONSTANT_CONVERSION = YES;
				CLANG_WARN_DIRECT_OBJC_ISA_USAGE = YES_ERROR;
				CLANG_WARN_EMPTY_BODY = YES;
				CLANG_WARN_ENUM_CONVERSION = YES;
				CLANG_WARN_INT_CONVERSION = YES;
				CLANG_WARN_OBJC_ROOT_CLASS = YES_ERROR;
				CLANG_WARN_UNREACHABLE_CODE = YES;
				CLANG_WARN__DUPLICATE_METHOD_MATCH = YES;
				"CODE_SIGN_IDENTITY[sdk=iphoneos*]" = "iPhone Developer";
				COPY_PHASE_STRIP = NO;
				DEBUG_INFORMATION_FORMAT = "dwarf-with-dsym";
				ENABLE_NS_ASSERTIONS = NO;
				ENABLE_STRICT_OBJC_MSGSEND = YES;
				GCC_C_LANGUAGE_STANDARD = gnu99;
				GCC_NO_COMMON_BLOCKS = YES;
				GCC_WARN_64_TO_32_BIT_CONVERSION = YES;
				GCC_WARN_ABOUT_RETURN_TYPE = YES_ERROR;
				GCC_WARN_UNDECLARED_SELECTOR = YES;
				GCC_WARN_UNINITIALIZED_AUTOS = YES_AGGRESSIVE;
				GCC_WARN_UNUSED_FUNCTION = YES;
				GCC_WARN_UNUSED_VARIABLE = YES;
				IPHONEOS_DEPLOYMENT_TARGET = 9.3;
				MTL_ENABLE_DEBUG_INFO = NO;
				SDKROOT = iphoneos;
				TARGETED_DEVICE_FAMILY = "1,2";
				VALIDATE_PRODUCT = YES;
			};
			name = Release;
		};
		373EE8ED1CBB64A200EF2FA8 /* Debug */ = {
			isa = XCBuildConfiguration;
			buildSettings = {
				ASSETCATALOG_COMPILER_APPICON_NAME = AppIcon;
				INFOPLIST_FILE = "2016-CoreDataStack/Info.plist";
				LD_RUNPATH_SEARCH_PATHS = "$(inherited) @executable_path/Frameworks";
				PRODUCT_BUNDLE_IDENTIFIER = "mobi.uchicago.-016-CoreDataStack";
				PRODUCT_NAME = "$(TARGET_NAME)";
			};
			name = Debug;
		};
		373EE8EE1CBB64A200EF2FA8 /* Release */ = {
			isa = XCBuildConfiguration;
			buildSettings = {
				ASSETCATALOG_COMPILER_APPICON_NAME = AppIcon;
				INFOPLIST_FILE = "2016-CoreDataStack/Info.plist";
				LD_RUNPATH_SEARCH_PATHS = "$(inherited) @executable_path/Frameworks";
				PRODUCT_BUNDLE_IDENTIFIER = "mobi.uchicago.-016-CoreDataStack";
				PRODUCT_NAME = "$(TARGET_NAME)";
			};
			name = Release;
		};
/* End XCBuildConfiguration section */

/* Begin XCConfigurationList section */
		373EE8D21CBB64A200EF2FA8 /* Build configuration list for PBXProject "2016-CoreDataStack" */ = {
			isa = XCConfigurationList;
			buildConfigurations = (
				373EE8EA1CBB64A200EF2FA8 /* Debug */,
				373EE8EB1CBB64A200EF2FA8 /* Release */,
			);
			defaultConfigurationIsVisible = 0;
			defaultConfigurationName = Release;
		};
		373EE8EC1CBB64A200EF2FA8 /* Build configuration list for PBXNativeTarget "2016-CoreDataStack" */ = {
			isa = XCConfigurationList;
			buildConfigurations = (
				373EE8ED1CBB64A200EF2FA8 /* Debug */,
				373EE8EE1CBB64A200EF2FA8 /* Release */,
			);
			defaultConfigurationIsVisible = 0;
		};
/* End XCConfigurationList section */

/* Begin XCVersionGroup section */
		373EE8E11CBB64A200EF2FA8 /* _016_CoreDataStack.xcdatamodeld */ = {
			isa = XCVersionGroup;
			children = (
				373EE8E21CBB64A200EF2FA8 /* _016_CoreDataStack.xcdatamodel */,
			);
			currentVersion = 373EE8E21CBB64A200EF2FA8 /* _016_CoreDataStack.xcdatamodel */;
			path = _016_CoreDataStack.xcdatamodeld;
			sourceTree = "<group>";
			versionGroupType = wrapper.xcdatamodel;
		};
/* End XCVersionGroup section */
	};
	rootObject = 373EE8CF1CBB64A200EF2FA8 /* Project object */;
}
